{
  "name": "tidytasks-electron",
  "version": "1.0.0",
  "lockfileVersion": 1,
  "requires": true,
  "dependencies": {
    "electron-titlebar": {
      "version": "0.0.3",
      "resolved": "https://registry.npmjs.org/electron-titlebar/-/electron-titlebar-0.0.3.tgz",
      "integrity": "sha1-7mvIPjqA63Aw2mzVHDVj9IUXZr4="
    }
  }
}
